
Microsoft Visual Studio Solution File, Format Version 12.00
# Visual Studio Version 16
VisualStudioVersion = 16.0.30114.105
MinimumVisualStudioVersion = 10.0.40219.1
Project("{FAE04EC0-301F-11D3-BF4B-00C04F79EFBC}") = "Drillholes.Windows", "Drillholes.Windows.csproj", "{E1C6767F-EB49-4646-B48B-E9EFC57D61C1}"
EndProject
Project("{FAE04EC0-301F-11D3-BF4B-00C04F79EFBC}") = "Drillholes.FileDialog", "..\Drillholes.FileDialog\Drillholes.FileDialog.csproj", "{C0C24161-4DFC-4A0C-87D3-7F824E41F19C}"
EndProject
Project("{FAE04EC0-301F-11D3-BF4B-00C04F79EFBC}") = "Drillholes.Domain", "..\Drillholes.Domain\Drillholes.Domain.csproj", "{FAAA7F51-4262-4C9A-9997-592F6D5AD802}"
EndProject
Project("{FAE04EC0-301F-11D3-BF4B-00C04F79EFBC}") = "Drillholes.Validation", "..\Drillholes.Validation\Drillholes.Validation.csproj", "{52DF4F61-0E6A-43F8-B20C-AC161D1CD52B}"
EndProject
Project("{FAE04EC0-301F-11D3-BF4B-00C04F79EFBC}") = "Drillholes.FixErrors", "..\Drillholes.FixErrors\Drillholes.FixErrors.csproj", "{EB997BB7-BD5F-4929-A7E7-EFE3BFBF3E5D}"
EndProject
Global
	GlobalSection(SolutionConfigurationPlatforms) = preSolution
		Debug|Any CPU = Debug|Any CPU
		Release|Any CPU = Release|Any CPU
	EndGlobalSection
	GlobalSection(ProjectConfigurationPlatforms) = postSolution
		{E1C6767F-EB49-4646-B48B-E9EFC57D61C1}.Debug|Any CPU.ActiveCfg = Debug|Any CPU
		{E1C6767F-EB49-4646-B48B-E9EFC57D61C1}.Debug|Any CPU.Build.0 = Debug|Any CPU
		{E1C6767F-EB49-4646-B48B-E9EFC57D61C1}.Release|Any CPU.ActiveCfg = Release|Any CPU
		{E1C6767F-EB49-4646-B48B-E9EFC57D61C1}.Release|Any CPU.Build.0 = Release|Any CPU
		{C0C24161-4DFC-4A0C-87D3-7F824E41F19C}.Debug|Any CPU.ActiveCfg = Debug|Any CPU
		{C0C24161-4DFC-4A0C-87D3-7F824E41F19C}.Debug|Any CPU.Build.0 = Debug|Any CPU
		{C0C24161-4DFC-4A0C-87D3-7F824E41F19C}.Release|Any CPU.ActiveCfg = Release|Any CPU
		{C0C24161-4DFC-4A0C-87D3-7F824E41F19C}.Release|Any CPU.Build.0 = Release|Any CPU
		{FAAA7F51-4262-4C9A-9997-592F6D5AD802}.Debug|Any CPU.ActiveCfg = Debug|Any CPU
		{FAAA7F51-4262-4C9A-9997-592F6D5AD802}.Debug|Any CPU.Build.0 = Debug|Any CPU
		{FAAA7F51-4262-4C9A-9997-592F6D5AD802}.Release|Any CPU.ActiveCfg = Release|Any CPU
		{FAAA7F51-4262-4C9A-9997-592F6D5AD802}.Release|Any CPU.Build.0 = Release|Any CPU
		{52DF4F61-0E6A-43F8-B20C-AC161D1CD52B}.Debug|Any CPU.ActiveCfg = Debug|Any CPU
		{52DF4F61-0E6A-43F8-B20C-AC161D1CD52B}.Debug|Any CPU.Build.0 = Debug|Any CPU
		{52DF4F61-0E6A-43F8-B20C-AC161D1CD52B}.Release|Any CPU.ActiveCfg = Release|Any CPU
		{52DF4F61-0E6A-43F8-B20C-AC161D1CD52B}.Release|Any CPU.Build.0 = Release|Any CPU
		{EB997BB7-BD5F-4929-A7E7-EFE3BFBF3E5D}.Debug|Any CPU.ActiveCfg = Debug|Any CPU
		{EB997BB7-BD5F-4929-A7E7-EFE3BFBF3E5D}.Debug|Any CPU.Build.0 = Debug|Any CPU
		{EB997BB7-BD5F-4929-A7E7-EFE3BFBF3E5D}.Release|Any CPU.ActiveCfg = Release|Any CPU
		{EB997BB7-BD5F-4929-A7E7-EFE3BFBF3E5D}.Release|Any CPU.Build.0 = Release|Any CPU
	EndGlobalSection
	GlobalSection(SolutionProperties) = preSolution
		HideSolutionNode = FALSE
	EndGlobalSection
	GlobalSection(ExtensibilityGlobals) = postSolution
		SolutionGuid = {D7A74881-DC04-4F86-878C-EDFCAF79C002}
	EndGlobalSection
EndGlobal
